
Microsoft Visual Studio Solution File, Format Version 12.00
Project("{FAE04EC0-301F-11D3-BF4B-00C04F79EFBC}") = "WebApp", "WebApp.csproj", "{0C8F2CA8-E009-4BF6-AE96-8601ADC2094B}"
EndProject
Global
	GlobalSection(SolutionConfigurationPlatforms) = preSolution
		Debug|Any CPU = Debug|Any CPU
		Release|Any CPU = Release|Any CPU
	EndGlobalSection
	GlobalSection(ProjectConfigurationPlatforms) = postSolution
		{0C8F2CA8-E009-4BF6-AE96-8601ADC2094B}.Debug|Any CPU.ActiveCfg = Debug|Any CPU
		{0C8F2CA8-E009-4BF6-AE96-8601ADC2094B}.Debug|Any CPU.Build.0 = Debug|Any CPU
		{0C8F2CA8-E009-4BF6-AE96-8601ADC2094B}.Release|Any CPU.ActiveCfg = Release|Any CPU
		{0C8F2CA8-E009-4BF6-AE96-8601ADC2094B}.Release|Any CPU.Build.0 = Release|Any CPU
	EndGlobalSection
EndGlobal
